// !$*UTF8*$!
{
	archiveVersion = 1;
	classes = {
	};
	objectVersion = 56;
	objects = {

/* Begin PBXBuildFile section */
		D244F9502BA632CA00F962DB /* DosTap_iOSApp.swift in Sources */ = {isa = PBXBuildFile; fileRef = D244F94F2BA632CA00F962DB /* DosTap_iOSApp.swift */; };
		D244F9522BA632CA00F962DB /* InterestSelectionView.swift in Sources */ = {isa = PBXBuildFile; fileRef = D244F9512BA632CA00F962DB /* InterestSelectionView.swift */; };
		D244F9542BA632CC00F962DB /* Assets.xcassets in Resources */ = {isa = PBXBuildFile; fileRef = D244F9532BA632CC00F962DB /* Assets.xcassets */; };
		D244F9572BA632CC00F962DB /* Preview Assets.xcassets in Resources */ = {isa = PBXBuildFile; fileRef = D244F9562BA632CC00F962DB /* Preview Assets.xcassets */; };
		D245D14A2BE8F49300CDF3DA /* LoginViewModel.swift in Sources */ = {isa = PBXBuildFile; fileRef = D245D1492BE8F49300CDF3DA /* LoginViewModel.swift */; };
		D245D1502BE95A7700CDF3DA /* OnboardingView.swift in Sources */ = {isa = PBXBuildFile; fileRef = D245D14F2BE95A7700CDF3DA /* OnboardingView.swift */; };
		D245D1522BE9659500CDF3DA /* RegistrationView.swift in Sources */ = {isa = PBXBuildFile; fileRef = D245D1512BE9659500CDF3DA /* RegistrationView.swift */; };
		D2A1DAB12BDFE9F600A103EC /* Webservice.swift in Sources */ = {isa = PBXBuildFile; fileRef = D2A1DAB02BDFE9F600A103EC /* Webservice.swift */; };
		D2D21A412BA862530081E02F /* Item.swift in Sources */ = {isa = PBXBuildFile; fileRef = D2D21A402BA862530081E02F /* Item.swift */; };
/* End PBXBuildFile section */

/* Begin PBXFileReference section */
		D244F94C2BA632CA00F962DB /* DosTap_iOS.app */ = {isa = PBXFileReference; explicitFileType = wrapper.application; includeInIndex = 0; path = DosTap_iOS.app; sourceTree = BUILT_PRODUCTS_DIR; };
		D244F94F2BA632CA00F962DB /* DosTap_iOSApp.swift */ = {isa = PBXFileReference; lastKnownFileType = sourcecode.swift; path = DosTap_iOSApp.swift; sourceTree = "<group>"; };
		D244F9512BA632CA00F962DB /* InterestSelectionView.swift */ = {isa = PBXFileReference; lastKnownFileType = sourcecode.swift; path = InterestSelectionView.swift; sourceTree = "<group>"; };
		D244F9532BA632CC00F962DB /* Assets.xcassets */ = {isa = PBXFileReference; lastKnownFileType = folder.assetcatalog; path = Assets.xcassets; sourceTree = "<group>"; };
		D244F9562BA632CC00F962DB /* Preview Assets.xcassets */ = {isa = PBXFileReference; lastKnownFileType = folder.assetcatalog; path = "Preview Assets.xcassets"; sourceTree = "<group>"; };
		D245D1492BE8F49300CDF3DA /* LoginViewModel.swift */ = {isa = PBXFileReference; lastKnownFileType = sourcecode.swift; path = LoginViewModel.swift; sourceTree = "<group>"; };
		D245D14F2BE95A7700CDF3DA /* OnboardingView.swift */ = {isa = PBXFileReference; lastKnownFileType = sourcecode.swift; path = OnboardingView.swift; sourceTree = "<group>"; };
		D245D1512BE9659500CDF3DA /* RegistrationView.swift */ = {isa = PBXFileReference; lastKnownFileType = sourcecode.swift; path = RegistrationView.swift; sourceTree = "<group>"; };
		D2A1DAB02BDFE9F600A103EC /* Webservice.swift */ = {isa = PBXFileReference; lastKnownFileType = sourcecode.swift; path = Webservice.swift; sourceTree = "<group>"; };
		D2D21A402BA862530081E02F /* Item.swift */ = {isa = PBXFileReference; lastKnownFileType = sourcecode.swift; path = Item.swift; sourceTree = "<group>"; };
/* End PBXFileReference section */

/* Begin PBXFrameworksBuildPhase section */
		D244F9492BA632CA00F962DB /* Frameworks */ = {
			isa = PBXFrameworksBuildPhase;
			buildActionMask = 2147483647;
			files = (
			);
			runOnlyForDeploymentPostprocessing = 0;
		};
/* End PBXFrameworksBuildPhase section */

/* Begin PBXGroup section */
		D244F9432BA632CA00F962DB = {
			isa = PBXGroup;
			children = (
				D245D1482BE8F47A00CDF3DA /* ViewModel */,
				D2A1DAAF2BDFE9C700A103EC /* Services */,
				D244F94E2BA632CA00F962DB /* DosTap_iOS */,
				D244F94D2BA632CA00F962DB /* Products */,
			);
			sourceTree = "<group>";
		};
		D244F94D2BA632CA00F962DB /* Products */ = {
			isa = PBXGroup;
			children = (
				D244F94C2BA632CA00F962DB /* DosTap_iOS.app */,
			);
			name = Products;
			sourceTree = "<group>";
		};
		D244F94E2BA632CA00F962DB /* DosTap_iOS */ = {
			isa = PBXGroup;
			children = (
				D244F94F2BA632CA00F962DB /* DosTap_iOSApp.swift */,
				D2A1DAAE2BDD880000A103EC /* Views */,
				D2A1DAAD2BDD87E800A103EC /* Models */,
				D244F9532BA632CC00F962DB /* Assets.xcassets */,
				D244F9552BA632CC00F962DB /* Preview Content */,
			);
			path = DosTap_iOS;
			sourceTree = "<group>";
		};
		D244F9552BA632CC00F962DB /* Preview Content */ = {
			isa = PBXGroup;
			children = (
				D244F9562BA632CC00F962DB /* Preview Assets.xcassets */,
			);
			path = "Preview Content";
			sourceTree = "<group>";
		};
		D245D1482BE8F47A00CDF3DA /* ViewModel */ = {
			isa = PBXGroup;
			children = (
				D245D1492BE8F49300CDF3DA /* LoginViewModel.swift */,
			);
			path = ViewModel;
			sourceTree = "<group>";
		};
		D2A1DAAD2BDD87E800A103EC /* Models */ = {
			isa = PBXGroup;
			children = (
				D2D21A402BA862530081E02F /* Item.swift */,
			);
			path = Models;
			sourceTree = "<group>";
		};
		D2A1DAAE2BDD880000A103EC /* Views */ = {
			isa = PBXGroup;
			children = (
				D244F9512BA632CA00F962DB /* InterestSelectionView.swift */,
				D245D14F2BE95A7700CDF3DA /* OnboardingView.swift */,
				D245D1512BE9659500CDF3DA /* RegistrationView.swift */,
			);
			path = Views;
			sourceTree = "<group>";
		};
		D2A1DAAF2BDFE9C700A103EC /* Services */ = {
			isa = PBXGroup;
			children = (
				D2A1DAB02BDFE9F600A103EC /* Webservice.swift */,
			);
			path = Services;
			sourceTree = "<group>";
		};
/* End PBXGroup section */

/* Begin PBXNativeTarget section */
		D244F94B2BA632CA00F962DB /* DosTap_iOS */ = {
			isa = PBXNativeTarget;
			buildConfigurationList = D244F95A2BA632CC00F962DB /* Build configuration list for PBXNativeTarget "DosTap_iOS" */;
			buildPhases = (
				D244F9482BA632CA00F962DB /* Sources */,
				D244F9492BA632CA00F962DB /* Frameworks */,
				D244F94A2BA632CA00F962DB /* Resources */,
			);
			buildRules = (
			);
			dependencies = (
			);
			name = DosTap_iOS;
			productName = DosTap_iOS;
			productReference = D244F94C2BA632CA00F962DB /* DosTap_iOS.app */;
			productType = "com.apple.product-type.application";
		};
/* End PBXNativeTarget section */

/* Begin PBXProject section */
		D244F9442BA632CA00F962DB /* Project object */ = {
			isa = PBXProject;
			attributes = {
				BuildIndependentTargetsInParallel = 1;
				LastSwiftUpdateCheck = 1520;
				LastUpgradeCheck = 1520;
				TargetAttributes = {
					D244F94B2BA632CA00F962DB = {
						CreatedOnToolsVersion = 15.2;
					};
				};
			};
			buildConfigurationList = D244F9472BA632CA00F962DB /* Build configuration list for PBXProject "DosTap_iOS" */;
			compatibilityVersion = "Xcode 14.0";
			developmentRegion = en;
			hasScannedForEncodings = 0;
			knownRegions = (
				en,
				Base,
			);
			mainGroup = D244F9432BA632CA00F962DB;
			productRefGroup = D244F94D2BA632CA00F962DB /* Products */;
			projectDirPath = "";
			projectRoot = "";
			targets = (
				D244F94B2BA632CA00F962DB /* DosTap_iOS */,
			);
		};
/* End PBXProject section */

/* Begin PBXResourcesBuildPhase section */
		D244F94A2BA632CA00F962DB /* Resources */ = {
			isa = PBXResourcesBuildPhase;
			buildActionMask = 2147483647;
			files = (
				D244F9572BA632CC00F962DB /* Preview Assets.xcassets in Resources */,
				D244F9542BA632CC00F962DB /* Assets.xcassets in Resources */,
			);
			runOnlyForDeploymentPostprocessing = 0;
		};
/* End PBXResourcesBuildPhase section */

/* Begin PBXSourcesBuildPhase section */
		D244F9482BA632CA00F962DB /* Sources */ = {
			isa = PBXSourcesBuildPhase;
			buildActionMask = 2147483647;
			files = (
				D244F9522BA632CA00F962DB /* InterestSelectionView.swift in Sources */,
				D2D21A412BA862530081E02F /* Item.swift in Sources */,
				D2A1DAB12BDFE9F600A103EC /* Webservice.swift in Sources */,
				D245D1522BE9659500CDF3DA /* RegistrationView.swift in Sources */,
				D245D1502BE95A7700CDF3DA /* OnboardingView.swift in Sources */,
				D245D14A2BE8F49300CDF3DA /* LoginViewModel.swift in Sources */,
				D244F9502BA632CA00F962DB /* DosTap_iOSApp.swift in Sources */,
			);
			runOnlyForDeploymentPostprocessing = 0;
		};
/* End PBXSourcesBuildPhase section */

/* Begin XCBuildConfiguration section */
		D244F9582BA632CC00F962DB /* Debug */ = {
			isa = XCBuildConfiguration;
			buildSettings = {
				ALWAYS_SEARCH_USER_PATHS = NO;
				ASSETCATALOG_COMPILER_GENERATE_SWIFT_ASSET_SYMBOL_EXTENSIONS = YES;
				CLANG_ANALYZER_NONNULL = YES;
				CLANG_ANALYZER_NUMBER_OBJECT_CONVERSION = YES_AGGRESSIVE;
				CLANG_CXX_LANGUAGE_STANDARD = "gnu++20";
				CLANG_ENABLE_MODULES = YES;
				CLANG_ENABLE_OBJC_ARC = YES;
				CLANG_ENABLE_OBJC_WEAK = YES;
				CLANG_WARN_BLOCK_CAPTURE_AUTORELEASING = YES;
				CLANG_WARN_BOOL_CONVERSION = YES;
				CLANG_WARN_COMMA = YES;
				CLANG_WARN_CONSTANT_CONVERSION = YES;
				CLANG_WARN_DEPRECATED_OBJC_IMPLEMENTATIONS = YES;
				CLANG_WARN_DIRECT_OBJC_ISA_USAGE = YES_ERROR;
				CLANG_WARN_DOCUMENTATION_COMMENTS = YES;
				CLANG_WARN_EMPTY_BODY = YES;
				CLANG_WARN_ENUM_CONVERSION = YES;
				CLANG_WARN_INFINITE_RECURSION = YES;
				CLANG_WARN_INT_CONVERSION = YES;
				CLANG_WARN_NON_LITERAL_NULL_CONVERSION = YES;
				CLANG_WARN_OBJC_IMPLICIT_RETAIN_SELF = YES;
				CLANG_WARN_OBJC_LITERAL_CONVERSION = YES;
				CLANG_WARN_OBJC_ROOT_CLASS = YES_ERROR;
				CLANG_WARN_QUOTED_INCLUDE_IN_FRAMEWORK_HEADER = YES;
				CLANG_WARN_RANGE_LOOP_ANALYSIS = YES;
				CLANG_WARN_STRICT_PROTOTYPES = YES;
				CLANG_WARN_SUSPICIOUS_MOVE = YES;
				CLANG_WARN_UNGUARDED_AVAILABILITY = YES_AGGRESSIVE;
				CLANG_WARN_UNREACHABLE_CODE = YES;
				CLANG_WARN__DUPLICATE_METHOD_MATCH = YES;
				COPY_PHASE_STRIP = NO;
				DEBUG_INFORMATION_FORMAT = dwarf;
				ENABLE_STRICT_OBJC_MSGSEND = YES;
				ENABLE_TESTABILITY = YES;
				ENABLE_USER_SCRIPT_SANDBOXING = YES;
				GCC_C_LANGUAGE_STANDARD = gnu17;
				GCC_DYNAMIC_NO_PIC = NO;
				GCC_NO_COMMON_BLOCKS = YES;
				GCC_OPTIMIZATION_LEVEL = 0;
				GCC_PREPROCESSOR_DEFINITIONS = (
					"DEBUG=1",
					"$(inherited)",
				);
				GCC_WARN_64_TO_32_BIT_CONVERSION = YES;
				GCC_WARN_ABOUT_RETURN_TYPE = YES_ERROR;
				GCC_WARN_UNDECLARED_SELECTOR = YES;
				GCC_WARN_UNINITIALIZED_AUTOS = YES_AGGRESSIVE;
				GCC_WARN_UNUSED_FUNCTION = YES;
				GCC_WARN_UNUSED_VARIABLE = YES;
				IPHONEOS_DEPLOYMENT_TARGET = 17.2;
				LOCALIZATION_PREFERS_STRING_CATALOGS = YES;
				MTL_ENABLE_DEBUG_INFO = INCLUDE_SOURCE;
				MTL_FAST_MATH = YES;
				ONLY_ACTIVE_ARCH = YES;
				SDKROOT = iphoneos;
				SWIFT_ACTIVE_COMPILATION_CONDITIONS = "DEBUG $(inherited)";
				SWIFT_OPTIMIZATION_LEVEL = "-Onone";
			};
			name = Debug;
		};
		D244F9592BA632CC00F962DB /* Release */ = {
			isa = XCBuildConfiguration;
			buildSettings = {
				ALWAYS_SEARCH_USER_PATHS = NO;
				ASSETCATALOG_COMPILER_GENERATE_SWIFT_ASSET_SYMBOL_EXTENSIONS = YES;
				CLANG_ANALYZER_NONNULL = YES;
				CLANG_ANALYZER_NUMBER_OBJECT_CONVERSION = YES_AGGRESSIVE;
				CLANG_CXX_LANGUAGE_STANDARD = "gnu++20";
				CLANG_ENABLE_MODULES = YES;
				CLANG_ENABLE_OBJC_ARC = YES;
				CLANG_ENABLE_OBJC_WEAK = YES;
				CLANG_WARN_BLOCK_CAPTURE_AUTORELEASING = YES;
				CLANG_WARN_BOOL_CONVERSION = YES;
				CLANG_WARN_COMMA = YES;
				CLANG_WARN_CONSTANT_CONVERSION = YES;
				CLANG_WARN_DEPRECATED_OBJC_IMPLEMENTATIONS = YES;
				CLANG_WARN_DIRECT_OBJC_ISA_USAGE = YES_ERROR;
				CLANG_WARN_DOCUMENTATION_COMMENTS = YES;
				CLANG_WARN_EMPTY_BODY = YES;
				CLANG_WARN_ENUM_CONVERSION = YES;
				CLANG_WARN_INFINITE_RECURSION = YES;
				CLANG_WARN_INT_CONVERSION = YES;
				CLANG_WARN_NON_LITERAL_NULL_CONVERSION = YES;
				CLANG_WARN_OBJC_IMPLICIT_RETAIN_SELF = YES;
				CLANG_WARN_OBJC_LITERAL_CONVERSION = YES;
				CLANG_WARN_OBJC_ROOT_CLASS = YES_ERROR;
				CLANG_WARN_QUOTED_INCLUDE_IN_FRAMEWORK_HEADER = YES;
				CLANG_WARN_RANGE_LOOP_ANALYSIS = YES;
				CLANG_WARN_STRICT_PROTOTYPES = YES;
				CLANG_WARN_SUSPICIOUS_MOVE = YES;
				CLANG_WARN_UNGUARDED_AVAILABILITY = YES_AGGRESSIVE;
				CLANG_WARN_UNREACHABLE_CODE = YES;
				CLANG_WARN__DUPLICATE_METHOD_MATCH = YES;
				COPY_PHASE_STRIP = NO;
				DEBUG_INFORMATION_FORMAT = "dwarf-with-dsym";
				ENABLE_NS_ASSERTIONS = NO;
				ENABLE_STRICT_OBJC_MSGSEND = YES;
				ENABLE_USER_SCRIPT_SANDBOXING = YES;
				GCC_C_LANGUAGE_STANDARD = gnu17;
				GCC_NO_COMMON_BLOCKS = YES;
				GCC_WARN_64_TO_32_BIT_CONVERSION = YES;
				GCC_WARN_ABOUT_RETURN_TYPE = YES_ERROR;
				GCC_WARN_UNDECLARED_SELECTOR = YES;
				GCC_WARN_UNINITIALIZED_AUTOS = YES_AGGRESSIVE;
				GCC_WARN_UNUSED_FUNCTION = YES;
				GCC_WARN_UNUSED_VARIABLE = YES;
				IPHONEOS_DEPLOYMENT_TARGET = 17.2;
				LOCALIZATION_PREFERS_STRING_CATALOGS = YES;
				MTL_ENABLE_DEBUG_INFO = NO;
				MTL_FAST_MATH = YES;
				SDKROOT = iphoneos;
				SWIFT_COMPILATION_MODE = wholemodule;
				VALIDATE_PRODUCT = YES;
			};
			name = Release;
		};
		D244F95B2BA632CC00F962DB /* Debug */ = {
			isa = XCBuildConfiguration;
			buildSettings = {
				ASSETCATALOG_COMPILER_APPICON_NAME = AppIcon;
				ASSETCATALOG_COMPILER_GLOBAL_ACCENT_COLOR_NAME = AccentColor;
				CODE_SIGN_STYLE = Automatic;
				CURRENT_PROJECT_VERSION = 1;
				DEVELOPMENT_ASSET_PATHS = "\"DosTap_iOS/Preview Content\"";
				DEVELOPMENT_TEAM = 38ZULJ5XUY;
				ENABLE_PREVIEWS = YES;
				GENERATE_INFOPLIST_FILE = YES;
				INFOPLIST_KEY_UIApplicationSceneManifest_Generation = YES;
				INFOPLIST_KEY_UIApplicationSupportsIndirectInputEvents = YES;
				INFOPLIST_KEY_UILaunchScreen_Generation = YES;
				INFOPLIST_KEY_UISupportedInterfaceOrientations_iPad = "UIInterfaceOrientationPortrait UIInterfaceOrientationPortraitUpsideDown UIInterfaceOrientationLandscapeLeft UIInterfaceOrientationLandscapeRight";
				INFOPLIST_KEY_UISupportedInterfaceOrientations_iPhone = "UIInterfaceOrientationPortrait UIInterfaceOrientationLandscapeLeft UIInterfaceOrientationLandscapeRight";
				LD_RUNPATH_SEARCH_PATHS = (
					"$(inherited)",
					"@executable_path/Frameworks",
				);
				MARKETING_VERSION = 1.0;
				PRODUCT_BUNDLE_IDENTIFIER = "daurendee.DosTap-iOS";
				PRODUCT_NAME = "$(TARGET_NAME)";
				SUPPORTED_PLATFORMS = "iphoneos iphonesimulator";
				SUPPORTS_MACCATALYST = NO;
				SUPPORTS_MAC_DESIGNED_FOR_IPHONE_IPAD = NO;
				SUPPORTS_XR_DESIGNED_FOR_IPHONE_IPAD = NO;
				SWIFT_EMIT_LOC_STRINGS = YES;
				SWIFT_VERSION = 5.0;
				TARGETED_DEVICE_FAMILY = 1;
			};
			name = Debug;
		};
		D244F95C2BA632CC00F962DB /* Release */ = {
			isa = XCBuildConfiguration;
			buildSettings = {
				ASSETCATALOG_COMPILER_APPICON_NAME = AppIcon;
				ASSETCATALOG_COMPILER_GLOBAL_ACCENT_COLOR_NAME = AccentColor;
				CODE_SIGN_STYLE = Automatic;
				CURRENT_PROJECT_VERSION = 1;
				DEVELOPMENT_ASSET_PATHS = "\"DosTap_iOS/Preview Content\"";
				DEVELOPMENT_TEAM = 38ZULJ5XUY;
				ENABLE_PREVIEWS = YES;
				GENERATE_INFOPLIST_FILE = YES;
				INFOPLIST_KEY_UIApplicationSceneManifest_Generation = YES;
				INFOPLIST_KEY_UIApplicationSupportsIndirectInputEvents = YES;
				INFOPLIST_KEY_UILaunchScreen_Generation = YES;
				INFOPLIST_KEY_UISupportedInterfaceOrientations_iPad = "UIInterfaceOrientationPortrait UIInterfaceOrientationPortraitUpsideDown UIInterfaceOrientationLandscapeLeft UIInterfaceOrientationLandscapeRight";
				INFOPLIST_KEY_UISupportedInterfaceOrientations_iPhone = "UIInterfaceOrientationPortrait UIInterfaceOrientationLandscapeLeft UIInterfaceOrientationLandscapeRight";
				LD_RUNPATH_SEARCH_PATHS = (
					"$(inherited)",
					"@executable_path/Frameworks",
				);
				MARKETING_VERSION = 1.0;
				PRODUCT_BUNDLE_IDENTIFIER = "daurendee.DosTap-iOS";
				PRODUCT_NAME = "$(TARGET_NAME)";
				SUPPORTED_PLATFORMS = "iphoneos iphonesimulator";
				SUPPORTS_MACCATALYST = NO;
				SUPPORTS_MAC_DESIGNED_FOR_IPHONE_IPAD = NO;
				SUPPORTS_XR_DESIGNED_FOR_IPHONE_IPAD = NO;
				SWIFT_EMIT_LOC_STRINGS = YES;
				SWIFT_VERSION = 5.0;
				TARGETED_DEVICE_FAMILY = 1;
			};
			name = Release;
		};
/* End XCBuildConfiguration section */

/* Begin XCConfigurationList section */
		D244F9472BA632CA00F962DB /* Build configuration list for PBXProject "DosTap_iOS" */ = {
			isa = XCConfigurationList;
			buildConfigurations = (
				D244F9582BA632CC00F962DB /* Debug */,
				D244F9592BA632CC00F962DB /* Release */,
			);
			defaultConfigurationIsVisible = 0;
			defaultConfigurationName = Release;
		};
		D244F95A2BA632CC00F962DB /* Build configuration list for PBXNativeTarget "DosTap_iOS" */ = {
			isa = XCConfigurationList;
			buildConfigurations = (
				D244F95B2BA632CC00F962DB /* Debug */,
				D244F95C2BA632CC00F962DB /* Release */,
			);
			defaultConfigurationIsVisible = 0;
			defaultConfigurationName = Release;
		};
/* End XCConfigurationList section */
	};
	rootObject = D244F9442BA632CA00F962DB /* Project object */;
}
